
Microsoft Visual Studio Solution File, Format Version 12.00
# Visual Studio 15
Project("{FAE04EC0-301F-11D3-BF4B-00C04F79EFBC}") = "Assembly-CSharp", "Assembly-CSharp.csproj", "{1376008F-5779-B73A-8B92-92925530EB71}"
EndProject
Project("{FAE04EC0-301F-11D3-BF4B-00C04F79EFBC}") = "Assembly-CSharp-firstpass", "Assembly-CSharp-firstpass.csproj", "{DCEC62F2-7B24-A5F2-8C95-ECD5D8522C94}"
EndProject
Global
	GlobalSection(SolutionConfigurationPlatforms) = preSolution
		Debug|Any CPU = Debug|Any CPU
		Release|Any CPU = Release|Any CPU
	EndGlobalSection
	GlobalSection(ProjectConfigurationPlatforms) = postSolution
		{1376008F-5779-B73A-8B92-92925530EB71}.Debug|Any CPU.ActiveCfg = Debug|Any CPU
		{1376008F-5779-B73A-8B92-92925530EB71}.Debug|Any CPU.Build.0 = Debug|Any CPU
		{1376008F-5779-B73A-8B92-92925530EB71}.Release|Any CPU.ActiveCfg = Release|Any CPU
		{1376008F-5779-B73A-8B92-92925530EB71}.Release|Any CPU.Build.0 = Release|Any CPU
		{DCEC62F2-7B24-A5F2-8C95-ECD5D8522C94}.Debug|Any CPU.ActiveCfg = Debug|Any CPU
		{DCEC62F2-7B24-A5F2-8C95-ECD5D8522C94}.Debug|Any CPU.Build.0 = Debug|Any CPU
		{DCEC62F2-7B24-A5F2-8C95-ECD5D8522C94}.Release|Any CPU.ActiveCfg = Release|Any CPU
		{DCEC62F2-7B24-A5F2-8C95-ECD5D8522C94}.Release|Any CPU.Build.0 = Release|Any CPU
	EndGlobalSection
	GlobalSection(SolutionProperties) = preSolution
		HideSolutionNode = FALSE
	EndGlobalSection
EndGlobal
